// !$*UTF8*$!
{
	archiveVersion = 1;
	classes = {
	};
	objectVersion = 46;
	objects = {

/* Begin PBXBuildFile section */
		335A54401C3ACEE20059263B /* main.m in Sources */ = {isa = PBXBuildFile; fileRef = 335A543F1C3ACEE20059263B /* main.m */; };
		335A54431C3ACEE20059263B /* AppDelegate.m in Sources */ = {isa = PBXBuildFile; fileRef = 335A54421C3ACEE20059263B /* AppDelegate.m */; };
		335A54461C3ACEE20059263B /* RootViewController.m in Sources */ = {isa = PBXBuildFile; fileRef = 335A54451C3ACEE20059263B /* RootViewController.m */; };
		335A54491C3ACEE20059263B /* DataViewController.m in Sources */ = {isa = PBXBuildFile; fileRef = 335A54481C3ACEE20059263B /* DataViewController.m */; };
		335A544C1C3ACEE20059263B /* ModelController.m in Sources */ = {isa = PBXBuildFile; fileRef = 335A544B1C3ACEE20059263B /* ModelController.m */; };
		335A544F1C3ACEE20059263B /* Main.storyboard in Resources */ = {isa = PBXBuildFile; fileRef = 335A544D1C3ACEE20059263B /* Main.storyboard */; };
		335A54511C3ACEE20059263B /* Assets.xcassets in Resources */ = {isa = PBXBuildFile; fileRef = 335A54501C3ACEE20059263B /* Assets.xcassets */; };
		335A54541C3ACEE20059263B /* LaunchScreen.storyboard in Resources */ = {isa = PBXBuildFile; fileRef = 335A54521C3ACEE20059263B /* LaunchScreen.storyboard */; };
		335A545F1C3ACEE20059263B /* xxxTests.m in Sources */ = {isa = PBXBuildFile; fileRef = 335A545E1C3ACEE20059263B /* xxxTests.m */; };
		335A546A1C3ACEE20059263B /* xxxUITests.m in Sources */ = {isa = PBXBuildFile; fileRef = 335A54691C3ACEE20059263B /* xxxUITests.m */; };
/* End PBXBuildFile section */

/* Begin PBXContainerItemProxy section */
		335A545B1C3ACEE20059263B /* PBXContainerItemProxy */ = {
			isa = PBXContainerItemProxy;
			containerPortal = 335A54331C3ACEE20059263B /* Project object */;
			proxyType = 1;
			remoteGlobalIDString = 335A543A1C3ACEE20059263B;
			remoteInfo = xxx;
		};
		335A54661C3ACEE20059263B /* PBXContainerItemProxy */ = {
			isa = PBXContainerItemProxy;
			containerPortal = 335A54331C3ACEE20059263B /* Project object */;
			proxyType = 1;
			remoteGlobalIDString = 335A543A1C3ACEE20059263B;
			remoteInfo = xxx;
		};
/* End PBXContainerItemProxy section */

/* Begin PBXFileReference section */
		335A543B1C3ACEE20059263B /* xxx.app */ = {isa = PBXFileReference; explicitFileType = wrapper.application; includeInIndex = 0; path = xxx.app; sourceTree = BUILT_PRODUCTS_DIR; };
		335A543F1C3ACEE20059263B /* main.m */ = {isa = PBXFileReference; lastKnownFileType = sourcecode.c.objc; path = main.m; sourceTree = "<group>"; };
		335A54411C3ACEE20059263B /* AppDelegate.h */ = {isa = PBXFileReference; lastKnownFileType = sourcecode.c.h; path = AppDelegate.h; sourceTree = "<group>"; };
		335A54421C3ACEE20059263B /* AppDelegate.m */ = {isa = PBXFileReference; lastKnownFileType = sourcecode.c.objc; path = AppDelegate.m; sourceTree = "<group>"; };
		335A54441C3ACEE20059263B /* RootViewController.h */ = {isa = PBXFileReference; lastKnownFileType = sourcecode.c.h; path = RootViewController.h; sourceTree = "<group>"; };
		335A54451C3ACEE20059263B /* RootViewController.m */ = {isa = PBXFileReference; lastKnownFileType = sourcecode.c.objc; path = RootViewController.m; sourceTree = "<group>"; };
		335A54471C3ACEE20059263B /* DataViewController.h */ = {isa = PBXFileReference; lastKnownFileType = sourcecode.c.h; path = DataViewController.h; sourceTree = "<group>"; };
		335A54481C3ACEE20059263B /* DataViewController.m */ = {isa = PBXFileReference; lastKnownFileType = sourcecode.c.objc; path = DataViewController.m; sourceTree = "<group>"; };
		335A544A1C3ACEE20059263B /* ModelController.h */ = {isa = PBXFileReference; lastKnownFileType = sourcecode.c.h; path = ModelController.h; sourceTree = "<group>"; };
		335A544B1C3ACEE20059263B /* ModelController.m */ = {isa = PBXFileReference; lastKnownFileType = sourcecode.c.objc; path = ModelController.m; sourceTree = "<group>"; };
		335A544E1C3ACEE20059263B /* Base */ = {isa = PBXFileReference; lastKnownFileType = file.storyboard; name = Base; path = Base.lproj/Main.storyboard; sourceTree = "<group>"; };
		335A54501C3ACEE20059263B /* Assets.xcassets */ = {isa = PBXFileReference; lastKnownFileType = folder.assetcatalog; path = Assets.xcassets; sourceTree = "<group>"; };
		335A54531C3ACEE20059263B /* Base */ = {isa = PBXFileReference; lastKnownFileType = file.storyboard; name = Base; path = Base.lproj/LaunchScreen.storyboard; sourceTree = "<group>"; };
		335A54551C3ACEE20059263B /* Info.plist */ = {isa = PBXFileReference; lastKnownFileType = text.plist.xml; path = Info.plist; sourceTree = "<group>"; };
		335A545A1C3ACEE20059263B /* xxxTests.xctest */ = {isa = PBXFileReference; explicitFileType = wrapper.cfbundle; includeInIndex = 0; path = xxxTests.xctest; sourceTree = BUILT_PRODUCTS_DIR; };
		335A545E1C3ACEE20059263B /* xxxTests.m */ = {isa = PBXFileReference; lastKnownFileType = sourcecode.c.objc; path = xxxTests.m; sourceTree = "<group>"; };
		335A54601C3ACEE20059263B /* Info.plist */ = {isa = PBXFileReference; lastKnownFileType = text.plist.xml; path = Info.plist; sourceTree = "<group>"; };
		335A54651C3ACEE20059263B /* xxxUITests.xctest */ = {isa = PBXFileReference; explicitFileType = wrapper.cfbundle; includeInIndex = 0; path = xxxUITests.xctest; sourceTree = BUILT_PRODUCTS_DIR; };
		335A54691C3ACEE20059263B /* xxxUITests.m */ = {isa = PBXFileReference; lastKnownFileType = sourcecode.c.objc; path = xxxUITests.m; sourceTree = "<group>"; };
		335A546B1C3ACEE20059263B /* Info.plist */ = {isa = PBXFileReference; lastKnownFileType = text.plist.xml; path = Info.plist; sourceTree = "<group>"; };
/* End PBXFileReference section */

/* Begin PBXFrameworksBuildPhase section */
		335A54381C3ACEE20059263B /* Frameworks */ = {
			isa = PBXFrameworksBuildPhase;
			buildActionMask = 2147483647;
			files = (
			);
			runOnlyForDeploymentPostprocessing = 0;
		};
		335A54571C3ACEE20059263B /* Frameworks */ = {
			isa = PBXFrameworksBuildPhase;
			buildActionMask = 2147483647;
			files = (
			);
			runOnlyForDeploymentPostprocessing = 0;
		};
		335A54621C3ACEE20059263B /* Frameworks */ = {
			isa = PBXFrameworksBuildPhase;
			buildActionMask = 2147483647;
			files = (
			);
			runOnlyForDeploymentPostprocessing = 0;
		};
/* End PBXFrameworksBuildPhase section */

/* Begin PBXGroup section */
		335A54321C3ACEE20059263B = {
			isa = PBXGroup;
			children = (
				335A543D1C3ACEE20059263B /* xxx */,
				335A545D1C3ACEE20059263B /* xxxTests */,
				335A54681C3ACEE20059263B /* xxxUITests */,
				335A543C1C3ACEE20059263B /* Products */,
			);
			sourceTree = "<group>";
		};
		335A543C1C3ACEE20059263B /* Products */ = {
			isa = PBXGroup;
			children = (
				335A543B1C3ACEE20059263B /* xxx.app */,
				335A545A1C3ACEE20059263B /* xxxTests.xctest */,
				335A54651C3ACEE20059263B /* xxxUITests.xctest */,
			);
			name = Products;
			sourceTree = "<group>";
		};
		335A543D1C3ACEE20059263B /* xxx */ = {
			isa = PBXGroup;
			children = (
				335A54411C3ACEE20059263B /* AppDelegate.h */,
				335A54421C3ACEE20059263B /* AppDelegate.m */,
				335A54441C3ACEE20059263B /* RootViewController.h */,
				335A54451C3ACEE20059263B /* RootViewController.m */,
				335A54471C3ACEE20059263B /* DataViewController.h */,
				335A54481C3ACEE20059263B /* DataViewController.m */,
				335A544A1C3ACEE20059263B /* ModelController.h */,
				335A544B1C3ACEE20059263B /* ModelController.m */,
				335A544D1C3ACEE20059263B /* Main.storyboard */,
				335A54501C3ACEE20059263B /* Assets.xcassets */,
				335A54521C3ACEE20059263B /* LaunchScreen.storyboard */,
				335A54551C3ACEE20059263B /* Info.plist */,
				335A543E1C3ACEE20059263B /* Supporting Files */,
			);
			path = xxx;
			sourceTree = "<group>";
		};
		335A543E1C3ACEE20059263B /* Supporting Files */ = {
			isa = PBXGroup;
			children = (
				335A543F1C3ACEE20059263B /* main.m */,
			);
			name = "Supporting Files";
			sourceTree = "<group>";
		};
		335A545D1C3ACEE20059263B /* xxxTests */ = {
			isa = PBXGroup;
			children = (
				335A545E1C3ACEE20059263B /* xxxTests.m */,
				335A54601C3ACEE20059263B /* Info.plist */,
			);
			path = xxxTests;
			sourceTree = "<group>";
		};
		335A54681C3ACEE20059263B /* xxxUITests */ = {
			isa = PBXGroup;
			children = (
				335A54691C3ACEE20059263B /* xxxUITests.m */,
				335A546B1C3ACEE20059263B /* Info.plist */,
			);
			path = xxxUITests;
			sourceTree = "<group>";
		};
/* End PBXGroup section */

/* Begin PBXNativeTarget section */
		335A543A1C3ACEE20059263B /* xxx */ = {
			isa = PBXNativeTarget;
			buildConfigurationList = 335A546E1C3ACEE20059263B /* Build configuration list for PBXNativeTarget "xxx" */;
			buildPhases = (
				335A54371C3ACEE20059263B /* Sources */,
				335A54381C3ACEE20059263B /* Frameworks */,
				335A54391C3ACEE20059263B /* Resources */,
			);
			buildRules = (
			);
			dependencies = (
			);
			name = xxx;
			productName = xxx;
			productReference = 335A543B1C3ACEE20059263B /* xxx.app */;
			productType = "com.apple.product-type.application";
		};
		335A54591C3ACEE20059263B /* xxxTests */ = {
			isa = PBXNativeTarget;
			buildConfigurationList = 335A54711C3ACEE20059263B /* Build configuration list for PBXNativeTarget "xxxTests" */;
			buildPhases = (
				335A54561C3ACEE20059263B /* Sources */,
				335A54571C3ACEE20059263B /* Frameworks */,
				335A54581C3ACEE20059263B /* Resources */,
			);
			buildRules = (
			);
			dependencies = (
				335A545C1C3ACEE20059263B /* PBXTargetDependency */,
			);
			name = xxxTests;
			productName = xxxTests;
			productReference = 335A545A1C3ACEE20059263B /* xxxTests.xctest */;
			productType = "com.apple.product-type.bundle.unit-test";
		};
		335A54641C3ACEE20059263B /* xxxUITests */ = {
			isa = PBXNativeTarget;
			buildConfigurationList = 335A54741C3ACEE20059263B /* Build configuration list for PBXNativeTarget "xxxUITests" */;
			buildPhases = (
				335A54611C3ACEE20059263B /* Sources */,
				335A54621C3ACEE20059263B /* Frameworks */,
				335A54631C3ACEE20059263B /* Resources */,
			);
			buildRules = (
			);
			dependencies = (
				335A54671C3ACEE20059263B /* PBXTargetDependency */,
			);
			name = xxxUITests;
			productName = xxxUITests;
			productReference = 335A54651C3ACEE20059263B /* xxxUITests.xctest */;
			productType = "com.apple.product-type.bundle.ui-testing";
		};
/* End PBXNativeTarget section */

/* Begin PBXProject section */
		335A54331C3ACEE20059263B /* Project object */ = {
			isa = PBXProject;
			attributes = {
				LastUpgradeCheck = 0720;
				ORGANIZATIONNAME = "Herbert Klaeren";
				TargetAttributes = {
					335A543A1C3ACEE20059263B = {
						CreatedOnToolsVersion = 7.2;
					};
					335A54591C3ACEE20059263B = {
						CreatedOnToolsVersion = 7.2;
						TestTargetID = 335A543A1C3ACEE20059263B;
					};
					335A54641C3ACEE20059263B = {
						CreatedOnToolsVersion = 7.2;
						TestTargetID = 335A543A1C3ACEE20059263B;
					};
				};
			};
			buildConfigurationList = 335A54361C3ACEE20059263B /* Build configuration list for PBXProject "xxx" */;
			compatibilityVersion = "Xcode 3.2";
			developmentRegion = English;
			hasScannedForEncodings = 0;
			knownRegions = (
				en,
				Base,
			);
			mainGroup = 335A54321C3ACEE20059263B;
			productRefGroup = 335A543C1C3ACEE20059263B /* Products */;
			projectDirPath = "";
			projectRoot = "";
			targets = (
				335A543A1C3ACEE20059263B /* xxx */,
				335A54591C3ACEE20059263B /* xxxTests */,
				335A54641C3ACEE20059263B /* xxxUITests */,
			);
		};
/* End PBXProject section */

/* Begin PBXResourcesBuildPhase section */
		335A54391C3ACEE20059263B /* Resources */ = {
			isa = PBXResourcesBuildPhase;
			buildActionMask = 2147483647;
			files = (
				335A54541C3ACEE20059263B /* LaunchScreen.storyboard in Resources */,
				335A54511C3ACEE20059263B /* Assets.xcassets in Resources */,
				335A544F1C3ACEE20059263B /* Main.storyboard in Resources */,
			);
			runOnlyForDeploymentPostprocessing = 0;
		};
		335A54581C3ACEE20059263B /* Resources */ = {
			isa = PBXResourcesBuildPhase;
			buildActionMask = 2147483647;
			files = (
			);
			runOnlyForDeploymentPostprocessing = 0;
		};
		335A54631C3ACEE20059263B /* Resources */ = {
			isa = PBXResourcesBuildPhase;
			buildActionMask = 2147483647;
			files = (
			);
			runOnlyForDeploymentPostprocessing = 0;
		};
/* End PBXResourcesBuildPhase section */

/* Begin PBXSourcesBuildPhase section */
		335A54371C3ACEE20059263B /* Sources */ = {
			isa = PBXSourcesBuildPhase;
			buildActionMask = 2147483647;
			files = (
				335A54491C3ACEE20059263B /* DataViewController.m in Sources */,
				335A54431C3ACEE20059263B /* AppDelegate.m in Sources */,
				335A544C1C3ACEE20059263B /* ModelController.m in Sources */,
				335A54401C3ACEE20059263B /* main.m in Sources */,
				335A54461C3ACEE20059263B /* RootViewController.m in Sources */,
			);
			runOnlyForDeploymentPostprocessing = 0;
		};
		335A54561C3ACEE20059263B /* Sources */ = {
			isa = PBXSourcesBuildPhase;
			buildActionMask = 2147483647;
			files = (
				335A545F1C3ACEE20059263B /* xxxTests.m in Sources */,
			);
			runOnlyForDeploymentPostprocessing = 0;
		};
		335A54611C3ACEE20059263B /* Sources */ = {
			isa = PBXSourcesBuildPhase;
			buildActionMask = 2147483647;
			files = (
				335A546A1C3ACEE20059263B /* xxxUITests.m in Sources */,
			);
			runOnlyForDeploymentPostprocessing = 0;
		};
/* End PBXSourcesBuildPhase section */

/* Begin PBXTargetDependency section */
		335A545C1C3ACEE20059263B /* PBXTargetDependency */ = {
			isa = PBXTargetDependency;
			target = 335A543A1C3ACEE20059263B /* xxx */;
			targetProxy = 335A545B1C3ACEE20059263B /* PBXContainerItemProxy */;
		};
		335A54671C3ACEE20059263B /* PBXTargetDependency */ = {
			isa = PBXTargetDependency;
			target = 335A543A1C3ACEE20059263B /* xxx */;
			targetProxy = 335A54661C3ACEE20059263B /* PBXContainerItemProxy */;
		};
/* End PBXTargetDependency section */

/* Begin PBXVariantGroup section */
		335A544D1C3ACEE20059263B /* Main.storyboard */ = {
			isa = PBXVariantGroup;
			children = (
				335A544E1C3ACEE20059263B /* Base */,
			);
			name = Main.storyboard;
			sourceTree = "<group>";
		};
		335A54521C3ACEE20059263B /* LaunchScreen.storyboard */ = {
			isa = PBXVariantGroup;
			children = (
				335A54531C3ACEE20059263B /* Base */,
			);
			name = LaunchScreen.storyboard;
			sourceTree = "<group>";
		};
/* End PBXVariantGroup section */

/* Begin XCBuildConfiguration section */
		335A546C1C3ACEE20059263B /* Debug */ = {
			isa = XCBuildConfiguration;
			buildSettings = {
				ALWAYS_SEARCH_USER_PATHS = NO;
				CLANG_CXX_LANGUAGE_STANDARD = "gnu++0x";
				CLANG_CXX_LIBRARY = "libc++";
				CLANG_ENABLE_MODULES = YES;
				CLANG_ENABLE_OBJC_ARC = YES;
				CLANG_WARN_BOOL_CONVERSION = YES;
				CLANG_WARN_CONSTANT_CONVERSION = YES;
				CLANG_WARN_DIRECT_OBJC_ISA_USAGE = YES_ERROR;
				CLANG_WARN_EMPTY_BODY = YES;
				CLANG_WARN_ENUM_CONVERSION = YES;
				CLANG_WARN_INT_CONVERSION = YES;
				CLANG_WARN_OBJC_ROOT_CLASS = YES_ERROR;
				CLANG_WARN_UNREACHABLE_CODE = YES;
				CLANG_WARN__DUPLICATE_METHOD_MATCH = YES;
				"CODE_SIGN_IDENTITY[sdk=iphoneos*]" = "iPhone Developer";
				COPY_PHASE_STRIP = NO;
				DEBUG_INFORMATION_FORMAT = dwarf;
				ENABLE_STRICT_OBJC_MSGSEND = YES;
				ENABLE_TESTABILITY = YES;
				GCC_C_LANGUAGE_STANDARD = gnu99;
				GCC_DYNAMIC_NO_PIC = NO;
				GCC_NO_COMMON_BLOCKS = YES;
				GCC_OPTIMIZATION_LEVEL = 0;
				GCC_PREPROCESSOR_DEFINITIONS = (
					"DEBUG=1",
					"$(inherited)",
				);
				GCC_WARN_64_TO_32_BIT_CONVERSION = YES;
				GCC_WARN_ABOUT_RETURN_TYPE = YES_ERROR;
				GCC_WARN_UNDECLARED_SELECTOR = YES;
				GCC_WARN_UNINITIALIZED_AUTOS = YES_AGGRESSIVE;
				GCC_WARN_UNUSED_FUNCTION = YES;
				GCC_WARN_UNUSED_VARIABLE = YES;
				IPHONEOS_DEPLOYMENT_TARGET = 9.2;
				MTL_ENABLE_DEBUG_INFO = YES;
				ONLY_ACTIVE_ARCH = YES;
				SDKROOT = iphoneos;
			};
			name = Debug;
		};
		335A546D1C3ACEE20059263B /* Release */ = {
			isa = XCBuildConfiguration;
			buildSettings = {
				ALWAYS_SEARCH_USER_PATHS = NO;
				CLANG_CXX_LANGUAGE_STANDARD = "gnu++0x";
				CLANG_CXX_LIBRARY = "libc++";
				CLANG_ENABLE_MODULES = YES;
				CLANG_ENABLE_OBJC_ARC = YES;
				CLANG_WARN_BOOL_CONVERSION = YES;
				CLANG_WARN_CONSTANT_CONVERSION = YES;
				CLANG_WARN_DIRECT_OBJC_ISA_USAGE = YES_ERROR;
				CLANG_WARN_EMPTY_BODY = YES;
				CLANG_WARN_ENUM_CONVERSION = YES;
				CLANG_WARN_INT_CONVERSION = YES;
				CLANG_WARN_OBJC_ROOT_CLASS = YES_ERROR;
				CLANG_WARN_UNREACHABLE_CODE = YES;
				CLANG_WARN__DUPLICATE_METHOD_MATCH = YES;
				"CODE_SIGN_IDENTITY[sdk=iphoneos*]" = "iPhone Developer";
				COPY_PHASE_STRIP = NO;
				DEBUG_INFORMATION_FORMAT = "dwarf-with-dsym";
				ENABLE_NS_ASSERTIONS = NO;
				ENABLE_STRICT_OBJC_MSGSEND = YES;
				GCC_C_LANGUAGE_STANDARD = gnu99;
				GCC_NO_COMMON_BLOCKS = YES;
				GCC_WARN_64_TO_32_BIT_CONVERSION = YES;
				GCC_WARN_ABOUT_RETURN_TYPE = YES_ERROR;
				GCC_WARN_UNDECLARED_SELECTOR = YES;
				GCC_WARN_UNINITIALIZED_AUTOS = YES_AGGRESSIVE;
				GCC_WARN_UNUSED_FUNCTION = YES;
				GCC_WARN_UNUSED_VARIABLE = YES;
				IPHONEOS_DEPLOYMENT_TARGET = 9.2;
				MTL_ENABLE_DEBUG_INFO = NO;
				SDKROOT = iphoneos;
				VALIDATE_PRODUCT = YES;
			};
			name = Release;
		};
		335A546F1C3ACEE20059263B /* Debug */ = {
			isa = XCBuildConfiguration;
			buildSettings = {
				ASSETCATALOG_COMPILER_APPICON_NAME = AppIcon;
				INFOPLIST_FILE = xxx/Info.plist;
				LD_RUNPATH_SEARCH_PATHS = "$(inherited) @executable_path/Frameworks";
				PRODUCT_BUNDLE_IDENTIFIER = "informatik.uni-tuebingen.de.xxx";
				PRODUCT_NAME = "$(TARGET_NAME)";
			};
			name = Debug;
		};
		335A54701C3ACEE20059263B /* Release */ = {
			isa = XCBuildConfiguration;
			buildSettings = {
				ASSETCATALOG_COMPILER_APPICON_NAME = AppIcon;
				INFOPLIST_FILE = xxx/Info.plist;
				LD_RUNPATH_SEARCH_PATHS = "$(inherited) @executable_path/Frameworks";
				PRODUCT_BUNDLE_IDENTIFIER = "informatik.uni-tuebingen.de.xxx";
				PRODUCT_NAME = "$(TARGET_NAME)";
			};
			name = Release;
		};
		335A54721C3ACEE20059263B /* Debug */ = {
			isa = XCBuildConfiguration;
			buildSettings = {
				BUNDLE_LOADER = "$(TEST_HOST)";
				INFOPLIST_FILE = xxxTests/Info.plist;
				LD_RUNPATH_SEARCH_PATHS = "$(inherited) @executable_path/Frameworks @loader_path/Frameworks";
				PRODUCT_BUNDLE_IDENTIFIER = "informatik.uni-tuebingen.de.xxxTests";
				PRODUCT_NAME = "$(TARGET_NAME)";
				TEST_HOST = "$(BUILT_PRODUCTS_DIR)/xxx.app/xxx";
			};
			name = Debug;
		};
		335A54731C3ACEE20059263B /* Release */ = {
			isa = XCBuildConfiguration;
			buildSettings = {
				BUNDLE_LOADER = "$(TEST_HOST)";
				INFOPLIST_FILE = xxxTests/Info.plist;
				LD_RUNPATH_SEARCH_PATHS = "$(inherited) @executable_path/Frameworks @loader_path/Frameworks";
				PRODUCT_BUNDLE_IDENTIFIER = "informatik.uni-tuebingen.de.xxxTests";
				PRODUCT_NAME = "$(TARGET_NAME)";
				TEST_HOST = "$(BUILT_PRODUCTS_DIR)/xxx.app/xxx";
			};
			name = Release;
		};
		335A54751C3ACEE20059263B /* Debug */ = {
			isa = XCBuildConfiguration;
			buildSettings = {
				INFOPLIST_FILE = xxxUITests/Info.plist;
				LD_RUNPATH_SEARCH_PATHS = "$(inherited) @executable_path/Frameworks @loader_path/Frameworks";
				PRODUCT_BUNDLE_IDENTIFIER = "informatik.uni-tuebingen.de.xxxUITests";
				PRODUCT_NAME = "$(TARGET_NAME)";
				TEST_TARGET_NAME = xxx;
				USES_XCTRUNNER = YES;
			};
			name = Debug;
		};
		335A54761C3ACEE20059263B /* Release */ = {
			isa = XCBuildConfiguration;
			buildSettings = {
				INFOPLIST_FILE = xxxUITests/Info.plist;
				LD_RUNPATH_SEARCH_PATHS = "$(inherited) @executable_path/Frameworks @loader_path/Frameworks";
				PRODUCT_BUNDLE_IDENTIFIER = "informatik.uni-tuebingen.de.xxxUITests";
				PRODUCT_NAME = "$(TARGET_NAME)";
				TEST_TARGET_NAME = xxx;
				USES_XCTRUNNER = YES;
			};
			name = Release;
		};
/* End XCBuildConfiguration section */

/* Begin XCConfigurationList section */
		335A54361C3ACEE20059263B /* Build configuration list for PBXProject "xxx" */ = {
			isa = XCConfigurationList;
			buildConfigurations = (
				335A546C1C3ACEE20059263B /* Debug */,
				335A546D1C3ACEE20059263B /* Release */,
			);
			defaultConfigurationIsVisible = 0;
			defaultConfigurationName = Release;
		};
		335A546E1C3ACEE20059263B /* Build configuration list for PBXNativeTarget "xxx" */ = {
			isa = XCConfigurationList;
			buildConfigurations = (
				335A546F1C3ACEE20059263B /* Debug */,
				335A54701C3ACEE20059263B /* Release */,
			);
			defaultConfigurationIsVisible = 0;
		};
		335A54711C3ACEE20059263B /* Build configuration list for PBXNativeTarget "xxxTests" */ = {
			isa = XCConfigurationList;
			buildConfigurations = (
				335A54721C3ACEE20059263B /* Debug */,
				335A54731C3ACEE20059263B /* Release */,
			);
			defaultConfigurationIsVisible = 0;
		};
		335A54741C3ACEE20059263B /* Build configuration list for PBXNativeTarget "xxxUITests" */ = {
			isa = XCConfigurationList;
			buildConfigurations = (
				335A54751C3ACEE20059263B /* Debug */,
				335A54761C3ACEE20059263B /* Release */,
			);
			defaultConfigurationIsVisible = 0;
		};
/* End XCConfigurationList section */
	};
	rootObject = 335A54331C3ACEE20059263B /* Project object */;
}
